
Microsoft Visual Studio Solution File, Format Version 12.00
# Visual Studio 15
VisualStudioVersion = 15.0.27130.2026
MinimumVisualStudioVersion = 10.0.40219.1
Project("{9A19103F-16F7-4668-BE54-9A1E7A4F7556}") = "ElloquentWebApp", "ElloquentWebApp\ElloquentWebApp.csproj", "{4CD349F5-ADF7-41B9-8DE9-AA161CD38125}"
EndProject
Global
	GlobalSection(SolutionConfigurationPlatforms) = preSolution
		Debug|Any CPU = Debug|Any CPU
		Release|Any CPU = Release|Any CPU
	EndGlobalSection
	GlobalSection(ProjectConfigurationPlatforms) = postSolution
		{4CD349F5-ADF7-41B9-8DE9-AA161CD38125}.Debug|Any CPU.ActiveCfg = Debug|Any CPU
		{4CD349F5-ADF7-41B9-8DE9-AA161CD38125}.Debug|Any CPU.Build.0 = Debug|Any CPU
		{4CD349F5-ADF7-41B9-8DE9-AA161CD38125}.Release|Any CPU.ActiveCfg = Release|Any CPU
		{4CD349F5-ADF7-41B9-8DE9-AA161CD38125}.Release|Any CPU.Build.0 = Release|Any CPU
	EndGlobalSection
	GlobalSection(SolutionProperties) = preSolution
		HideSolutionNode = FALSE
	EndGlobalSection
	GlobalSection(ExtensibilityGlobals) = postSolution
		SolutionGuid = {4E2B113D-9BF4-4811-9759-0A13CF7AEE55}
	EndGlobalSection
EndGlobal
